
Microsoft Visual Studio Solution File, Format Version 12.00
# Visual Studio 14
VisualStudioVersion = 14.0.25420.1
MinimumVisualStudioVersion = 10.0.40219.1
Project("{FAE04EC0-301F-11D3-BF4B-00C04F79EFBC}") = "USCISTracker.API", "USCISTracker.API\USCISTracker.API.csproj", "{D75F6E2F-C62C-4A71-9482-82C4019AEAF1}"
EndProject
Project("{FAE04EC0-301F-11D3-BF4B-00C04F79EFBC}") = "USCISTracker.Data", "USCISTracker.Data\USCISTracker.Data.csproj", "{4FB57CF8-9175-4A55-8D37-35CC265A027B}"
EndProject
Project("{FAE04EC0-301F-11D3-BF4B-00C04F79EFBC}") = "USCISTracker", "USCISTracker\USCISTracker.csproj", "{841D2782-4B50-4219-A821-48B9352C3E80}"
EndProject
Project("{FAE04EC0-301F-11D3-BF4B-00C04F79EFBC}") = "USCISTracker.Background", "USCISTracker.Background\USCISTracker.Background.csproj", "{853F42E7-4B4A-4F69-AB3D-358E46F0749F}"
EndProject
Global
	GlobalSection(SolutionConfigurationPlatforms) = preSolution
		Debug|Any CPU = Debug|Any CPU
		Debug|ARM = Debug|ARM
		Debug|x64 = Debug|x64
		Debug|x86 = Debug|x86
		Release|Any CPU = Release|Any CPU
		Release|ARM = Release|ARM
		Release|x64 = Release|x64
		Release|x86 = Release|x86
	EndGlobalSection
	GlobalSection(ProjectConfigurationPlatforms) = postSolution
		{D75F6E2F-C62C-4A71-9482-82C4019AEAF1}.Debug|Any CPU.ActiveCfg = Debug|Any CPU
		{D75F6E2F-C62C-4A71-9482-82C4019AEAF1}.Debug|Any CPU.Build.0 = Debug|Any CPU
		{D75F6E2F-C62C-4A71-9482-82C4019AEAF1}.Debug|ARM.ActiveCfg = Debug|ARM
		{D75F6E2F-C62C-4A71-9482-82C4019AEAF1}.Debug|ARM.Build.0 = Debug|ARM
		{D75F6E2F-C62C-4A71-9482-82C4019AEAF1}.Debug|x64.ActiveCfg = Debug|x64
		{D75F6E2F-C62C-4A71-9482-82C4019AEAF1}.Debug|x64.Build.0 = Debug|x64
		{D75F6E2F-C62C-4A71-9482-82C4019AEAF1}.Debug|x86.ActiveCfg = Debug|x86
		{D75F6E2F-C62C-4A71-9482-82C4019AEAF1}.Debug|x86.Build.0 = Debug|x86
		{D75F6E2F-C62C-4A71-9482-82C4019AEAF1}.Release|Any CPU.ActiveCfg = Release|Any CPU
		{D75F6E2F-C62C-4A71-9482-82C4019AEAF1}.Release|Any CPU.Build.0 = Release|Any CPU
		{D75F6E2F-C62C-4A71-9482-82C4019AEAF1}.Release|ARM.ActiveCfg = Release|ARM
		{D75F6E2F-C62C-4A71-9482-82C4019AEAF1}.Release|ARM.Build.0 = Release|ARM
		{D75F6E2F-C62C-4A71-9482-82C4019AEAF1}.Release|x64.ActiveCfg = Release|x64
		{D75F6E2F-C62C-4A71-9482-82C4019AEAF1}.Release|x64.Build.0 = Release|x64
		{D75F6E2F-C62C-4A71-9482-82C4019AEAF1}.Release|x86.ActiveCfg = Release|x86
		{D75F6E2F-C62C-4A71-9482-82C4019AEAF1}.Release|x86.Build.0 = Release|x86
		{4FB57CF8-9175-4A55-8D37-35CC265A027B}.Debug|Any CPU.ActiveCfg = Debug|Any CPU
		{4FB57CF8-9175-4A55-8D37-35CC265A027B}.Debug|Any CPU.Build.0 = Debug|Any CPU
		{4FB57CF8-9175-4A55-8D37-35CC265A027B}.Debug|ARM.ActiveCfg = Debug|ARM
		{4FB57CF8-9175-4A55-8D37-35CC265A027B}.Debug|ARM.Build.0 = Debug|ARM
		{4FB57CF8-9175-4A55-8D37-35CC265A027B}.Debug|x64.ActiveCfg = Debug|x64
		{4FB57CF8-9175-4A55-8D37-35CC265A027B}.Debug|x64.Build.0 = Debug|x64
		{4FB57CF8-9175-4A55-8D37-35CC265A027B}.Debug|x86.ActiveCfg = Debug|x86
		{4FB57CF8-9175-4A55-8D37-35CC265A027B}.Debug|x86.Build.0 = Debug|x86
		{4FB57CF8-9175-4A55-8D37-35CC265A027B}.Release|Any CPU.ActiveCfg = Release|Any CPU
		{4FB57CF8-9175-4A55-8D37-35CC265A027B}.Release|Any CPU.Build.0 = Release|Any CPU
		{4FB57CF8-9175-4A55-8D37-35CC265A027B}.Release|ARM.ActiveCfg = Release|ARM
		{4FB57CF8-9175-4A55-8D37-35CC265A027B}.Release|ARM.Build.0 = Release|ARM
		{4FB57CF8-9175-4A55-8D37-35CC265A027B}.Release|x64.ActiveCfg = Release|x64
		{4FB57CF8-9175-4A55-8D37-35CC265A027B}.Release|x64.Build.0 = Release|x64
		{4FB57CF8-9175-4A55-8D37-35CC265A027B}.Release|x86.ActiveCfg = Release|x86
		{4FB57CF8-9175-4A55-8D37-35CC265A027B}.Release|x86.Build.0 = Release|x86
		{841D2782-4B50-4219-A821-48B9352C3E80}.Debug|Any CPU.ActiveCfg = Debug|x86
		{841D2782-4B50-4219-A821-48B9352C3E80}.Debug|Any CPU.Build.0 = Debug|x86
		{841D2782-4B50-4219-A821-48B9352C3E80}.Debug|Any CPU.Deploy.0 = Debug|x86
		{841D2782-4B50-4219-A821-48B9352C3E80}.Debug|ARM.ActiveCfg = Debug|ARM
		{841D2782-4B50-4219-A821-48B9352C3E80}.Debug|ARM.Build.0 = Debug|ARM
		{841D2782-4B50-4219-A821-48B9352C3E80}.Debug|ARM.Deploy.0 = Debug|ARM
		{841D2782-4B50-4219-A821-48B9352C3E80}.Debug|x64.ActiveCfg = Debug|x64
		{841D2782-4B50-4219-A821-48B9352C3E80}.Debug|x64.Build.0 = Debug|x64
		{841D2782-4B50-4219-A821-48B9352C3E80}.Debug|x64.Deploy.0 = Debug|x64
		{841D2782-4B50-4219-A821-48B9352C3E80}.Debug|x86.ActiveCfg = Debug|x86
		{841D2782-4B50-4219-A821-48B9352C3E80}.Debug|x86.Build.0 = Debug|x86
		{841D2782-4B50-4219-A821-48B9352C3E80}.Debug|x86.Deploy.0 = Debug|x86
		{841D2782-4B50-4219-A821-48B9352C3E80}.Release|Any CPU.ActiveCfg = Release|x86
		{841D2782-4B50-4219-A821-48B9352C3E80}.Release|ARM.ActiveCfg = Release|ARM
		{841D2782-4B50-4219-A821-48B9352C3E80}.Release|ARM.Build.0 = Release|ARM
		{841D2782-4B50-4219-A821-48B9352C3E80}.Release|ARM.Deploy.0 = Release|ARM
		{841D2782-4B50-4219-A821-48B9352C3E80}.Release|x64.ActiveCfg = Release|x64
		{841D2782-4B50-4219-A821-48B9352C3E80}.Release|x64.Build.0 = Release|x64
		{841D2782-4B50-4219-A821-48B9352C3E80}.Release|x64.Deploy.0 = Release|x64
		{841D2782-4B50-4219-A821-48B9352C3E80}.Release|x86.ActiveCfg = Release|x86
		{841D2782-4B50-4219-A821-48B9352C3E80}.Release|x86.Build.0 = Release|x86
		{841D2782-4B50-4219-A821-48B9352C3E80}.Release|x86.Deploy.0 = Release|x86
		{853F42E7-4B4A-4F69-AB3D-358E46F0749F}.Debug|Any CPU.ActiveCfg = Debug|Any CPU
		{853F42E7-4B4A-4F69-AB3D-358E46F0749F}.Debug|Any CPU.Build.0 = Debug|Any CPU
		{853F42E7-4B4A-4F69-AB3D-358E46F0749F}.Debug|ARM.ActiveCfg = Debug|ARM
		{853F42E7-4B4A-4F69-AB3D-358E46F0749F}.Debug|ARM.Build.0 = Debug|ARM
		{853F42E7-4B4A-4F69-AB3D-358E46F0749F}.Debug|x64.ActiveCfg = Debug|x64
		{853F42E7-4B4A-4F69-AB3D-358E46F0749F}.Debug|x64.Build.0 = Debug|x64
		{853F42E7-4B4A-4F69-AB3D-358E46F0749F}.Debug|x86.ActiveCfg = Debug|x86
		{853F42E7-4B4A-4F69-AB3D-358E46F0749F}.Debug|x86.Build.0 = Debug|x86
		{853F42E7-4B4A-4F69-AB3D-358E46F0749F}.Release|Any CPU.ActiveCfg = Release|Any CPU
		{853F42E7-4B4A-4F69-AB3D-358E46F0749F}.Release|Any CPU.Build.0 = Release|Any CPU
		{853F42E7-4B4A-4F69-AB3D-358E46F0749F}.Release|ARM.ActiveCfg = Release|ARM
		{853F42E7-4B4A-4F69-AB3D-358E46F0749F}.Release|ARM.Build.0 = Release|ARM
		{853F42E7-4B4A-4F69-AB3D-358E46F0749F}.Release|x64.ActiveCfg = Release|x64
		{853F42E7-4B4A-4F69-AB3D-358E46F0749F}.Release|x64.Build.0 = Release|x64
		{853F42E7-4B4A-4F69-AB3D-358E46F0749F}.Release|x86.ActiveCfg = Release|x86
		{853F42E7-4B4A-4F69-AB3D-358E46F0749F}.Release|x86.Build.0 = Release|x86
	EndGlobalSection
	GlobalSection(SolutionProperties) = preSolution
		HideSolutionNode = FALSE
	EndGlobalSection
EndGlobal
